
Microsoft Visual Studio Solution File, Format Version 12.00
# Visual Studio Version 17
VisualStudioVersion = 17.9.34616.47
MinimumVisualStudioVersion = 10.0.40219.1
Project("{FAE04EC0-301F-11D3-BF4B-00C04F79EFBC}") = "APBD-tutorial-task1", "APBD-tutorial-task1.csproj", "{8A3639E0-8DBD-4FD0-9F80-82AA5BA9FB1B}"
EndProject
Global
	GlobalSection(SolutionConfigurationPlatforms) = preSolution
		Debug|Any CPU = Debug|Any CPU
		Release|Any CPU = Release|Any CPU
	EndGlobalSection
	GlobalSection(ProjectConfigurationPlatforms) = postSolution
		{8A3639E0-8DBD-4FD0-9F80-82AA5BA9FB1B}.Debug|Any CPU.ActiveCfg = Debug|Any CPU
		{8A3639E0-8DBD-4FD0-9F80-82AA5BA9FB1B}.Debug|Any CPU.Build.0 = Debug|Any CPU
		{8A3639E0-8DBD-4FD0-9F80-82AA5BA9FB1B}.Release|Any CPU.ActiveCfg = Release|Any CPU
		{8A3639E0-8DBD-4FD0-9F80-82AA5BA9FB1B}.Release|Any CPU.Build.0 = Release|Any CPU
	EndGlobalSection
	GlobalSection(SolutionProperties) = preSolution
		HideSolutionNode = FALSE
	EndGlobalSection
	GlobalSection(ExtensibilityGlobals) = postSolution
		SolutionGuid = {A10F4E17-DA9D-483F-B9FB-6E64E50D729E}
	EndGlobalSection
EndGlobal
